// !$*UTF8*$!
{
	archiveVersion = 1;
	classes = {
	};
	objectVersion = 50;
	objects = {

/* Begin PBXBuildFile section */
		348E3528261E8F10006B69B4 /* StocksApp.swift in Sources */ = {isa = PBXBuildFile; fileRef = 348E3515261E8F0D006B69B4 /* StocksApp.swift */; };
		348E3529261E8F10006B69B4 /* StocksApp.swift in Sources */ = {isa = PBXBuildFile; fileRef = 348E3515261E8F0D006B69B4 /* StocksApp.swift */; };
		348E352A261E8F10006B69B4 /* ContentView.swift in Sources */ = {isa = PBXBuildFile; fileRef = 348E3516261E8F0D006B69B4 /* ContentView.swift */; };
		348E352B261E8F10006B69B4 /* ContentView.swift in Sources */ = {isa = PBXBuildFile; fileRef = 348E3516261E8F0D006B69B4 /* ContentView.swift */; };
		348E352C261E8F10006B69B4 /* Assets.xcassets in Resources */ = {isa = PBXBuildFile; fileRef = 348E3517261E8F10006B69B4 /* Assets.xcassets */; };
		348E352D261E8F10006B69B4 /* Assets.xcassets in Resources */ = {isa = PBXBuildFile; fileRef = 348E3517261E8F10006B69B4 /* Assets.xcassets */; };
		348E353A261E9173006B69B4 /* StockList.swift in Sources */ = {isa = PBXBuildFile; fileRef = 348E3539261E9173006B69B4 /* StockList.swift */; };
		348E353B261E9173006B69B4 /* StockList.swift in Sources */ = {isa = PBXBuildFile; fileRef = 348E3539261E9173006B69B4 /* StockList.swift */; };
		348E3543261E9554006B69B4 /* Chart.swift in Sources */ = {isa = PBXBuildFile; fileRef = 348E3542261E9554006B69B4 /* Chart.swift */; };
		348E3544261E9554006B69B4 /* Chart.swift in Sources */ = {isa = PBXBuildFile; fileRef = 348E3542261E9554006B69B4 /* Chart.swift */; };
/* End PBXBuildFile section */

/* Begin PBXFileReference section */
		348E3515261E8F0D006B69B4 /* StocksApp.swift */ = {isa = PBXFileReference; lastKnownFileType = sourcecode.swift; path = StocksApp.swift; sourceTree = "<group>"; };
		348E3516261E8F0D006B69B4 /* ContentView.swift */ = {isa = PBXFileReference; lastKnownFileType = sourcecode.swift; path = ContentView.swift; sourceTree = "<group>"; };
		348E3517261E8F10006B69B4 /* Assets.xcassets */ = {isa = PBXFileReference; lastKnownFileType = folder.assetcatalog; path = Assets.xcassets; sourceTree = "<group>"; };
		348E351C261E8F10006B69B4 /* Stocks.app */ = {isa = PBXFileReference; explicitFileType = wrapper.application; includeInIndex = 0; path = Stocks.app; sourceTree = BUILT_PRODUCTS_DIR; };
		348E351F261E8F10006B69B4 /* Info.plist */ = {isa = PBXFileReference; lastKnownFileType = text.plist.xml; path = Info.plist; sourceTree = "<group>"; };
		348E3524261E8F10006B69B4 /* Stocks.app */ = {isa = PBXFileReference; explicitFileType = wrapper.application; includeInIndex = 0; path = Stocks.app; sourceTree = BUILT_PRODUCTS_DIR; };
		348E3526261E8F10006B69B4 /* Info.plist */ = {isa = PBXFileReference; lastKnownFileType = text.plist.xml; path = Info.plist; sourceTree = "<group>"; };
		348E3527261E8F10006B69B4 /* macOS.entitlements */ = {isa = PBXFileReference; lastKnownFileType = text.plist.entitlements; path = macOS.entitlements; sourceTree = "<group>"; };
		348E3539261E9173006B69B4 /* StockList.swift */ = {isa = PBXFileReference; lastKnownFileType = sourcecode.swift; path = StockList.swift; sourceTree = "<group>"; };
		348E3542261E9554006B69B4 /* Chart.swift */ = {isa = PBXFileReference; lastKnownFileType = sourcecode.swift; path = Chart.swift; sourceTree = "<group>"; };
/* End PBXFileReference section */

/* Begin PBXFrameworksBuildPhase section */
		348E3519261E8F10006B69B4 /* Frameworks */ = {
			isa = PBXFrameworksBuildPhase;
			buildActionMask = 2147483647;
			files = (
			);
			runOnlyForDeploymentPostprocessing = 0;
		};
		348E3521261E8F10006B69B4 /* Frameworks */ = {
			isa = PBXFrameworksBuildPhase;
			buildActionMask = 2147483647;
			files = (
			);
			runOnlyForDeploymentPostprocessing = 0;
		};
/* End PBXFrameworksBuildPhase section */

/* Begin PBXGroup section */
		34668457261E98A000290802 /* Model */ = {
			isa = PBXGroup;
			children = (
			);
			path = Model;
			sourceTree = "<group>";
		};
		348E350F261E8F0D006B69B4 = {
			isa = PBXGroup;
			children = (
				348E3514261E8F0D006B69B4 /* Shared */,
				348E351E261E8F10006B69B4 /* iOS */,
				348E3525261E8F10006B69B4 /* macOS */,
				348E351D261E8F10006B69B4 /* Products */,
			);
			sourceTree = "<group>";
		};
		348E3514261E8F0D006B69B4 /* Shared */ = {
			isa = PBXGroup;
			children = (
				34668457261E98A000290802 /* Model */,
				348E3538261E9152006B69B4 /* Views */,
				348E3515261E8F0D006B69B4 /* StocksApp.swift */,
				348E3517261E8F10006B69B4 /* Assets.xcassets */,
			);
			path = Shared;
			sourceTree = "<group>";
		};
		348E351D261E8F10006B69B4 /* Products */ = {
			isa = PBXGroup;
			children = (
				348E351C261E8F10006B69B4 /* Stocks.app */,
				348E3524261E8F10006B69B4 /* Stocks.app */,
			);
			name = Products;
			sourceTree = "<group>";
		};
		348E351E261E8F10006B69B4 /* iOS */ = {
			isa = PBXGroup;
			children = (
				348E351F261E8F10006B69B4 /* Info.plist */,
			);
			path = iOS;
			sourceTree = "<group>";
		};
		348E3525261E8F10006B69B4 /* macOS */ = {
			isa = PBXGroup;
			children = (
				348E3526261E8F10006B69B4 /* Info.plist */,
				348E3527261E8F10006B69B4 /* macOS.entitlements */,
			);
			path = macOS;
			sourceTree = "<group>";
		};
		348E3538261E9152006B69B4 /* Views */ = {
			isa = PBXGroup;
			children = (
				348E3516261E8F0D006B69B4 /* ContentView.swift */,
				348E3539261E9173006B69B4 /* StockList.swift */,
				348E3542261E9554006B69B4 /* Chart.swift */,
			);
			path = Views;
			sourceTree = "<group>";
		};
/* End PBXGroup section */

/* Begin PBXNativeTarget section */
		348E351B261E8F10006B69B4 /* Stocks (iOS) */ = {
			isa = PBXNativeTarget;
			buildConfigurationList = 348E3530261E8F10006B69B4 /* Build configuration list for PBXNativeTarget "Stocks (iOS)" */;
			buildPhases = (
				348E3518261E8F10006B69B4 /* Sources */,
				348E3519261E8F10006B69B4 /* Frameworks */,
				348E351A261E8F10006B69B4 /* Resources */,
			);
			buildRules = (
			);
			dependencies = (
			);
			name = "Stocks (iOS)";
			productName = "Stocks (iOS)";
			productReference = 348E351C261E8F10006B69B4 /* Stocks.app */;
			productType = "com.apple.product-type.application";
		};
		348E3523261E8F10006B69B4 /* Stocks (macOS) */ = {
			isa = PBXNativeTarget;
			buildConfigurationList = 348E3533261E8F10006B69B4 /* Build configuration list for PBXNativeTarget "Stocks (macOS)" */;
			buildPhases = (
				348E3520261E8F10006B69B4 /* Sources */,
				348E3521261E8F10006B69B4 /* Frameworks */,
				348E3522261E8F10006B69B4 /* Resources */,
			);
			buildRules = (
			);
			dependencies = (
			);
			name = "Stocks (macOS)";
			productName = "Stocks (macOS)";
			productReference = 348E3524261E8F10006B69B4 /* Stocks.app */;
			productType = "com.apple.product-type.application";
		};
/* End PBXNativeTarget section */

/* Begin PBXProject section */
		348E3510261E8F0D006B69B4 /* Project object */ = {
			isa = PBXProject;
			attributes = {
				LastSwiftUpdateCheck = 1240;
				LastUpgradeCheck = 1240;
				TargetAttributes = {
					348E351B261E8F10006B69B4 = {
						CreatedOnToolsVersion = 12.4;
					};
					348E3523261E8F10006B69B4 = {
						CreatedOnToolsVersion = 12.4;
					};
				};
			};
			buildConfigurationList = 348E3513261E8F0D006B69B4 /* Build configuration list for PBXProject "Stocks" */;
			compatibilityVersion = "Xcode 9.3";
			developmentRegion = en;
			hasScannedForEncodings = 0;
			knownRegions = (
				en,
				Base,
			);
			mainGroup = 348E350F261E8F0D006B69B4;
			productRefGroup = 348E351D261E8F10006B69B4 /* Products */;
			projectDirPath = "";
			projectRoot = "";
			targets = (
				348E351B261E8F10006B69B4 /* Stocks (iOS) */,
				348E3523261E8F10006B69B4 /* Stocks (macOS) */,
			);
		};
/* End PBXProject section */

/* Begin PBXResourcesBuildPhase section */
		348E351A261E8F10006B69B4 /* Resources */ = {
			isa = PBXResourcesBuildPhase;
			buildActionMask = 2147483647;
			files = (
				348E352C261E8F10006B69B4 /* Assets.xcassets in Resources */,
			);
			runOnlyForDeploymentPostprocessing = 0;
		};
		348E3522261E8F10006B69B4 /* Resources */ = {
			isa = PBXResourcesBuildPhase;
			buildActionMask = 2147483647;
			files = (
				348E352D261E8F10006B69B4 /* Assets.xcassets in Resources */,
			);
			runOnlyForDeploymentPostprocessing = 0;
		};
/* End PBXResourcesBuildPhase section */

/* Begin PBXSourcesBuildPhase section */
		348E3518261E8F10006B69B4 /* Sources */ = {
			isa = PBXSourcesBuildPhase;
			buildActionMask = 2147483647;
			files = (
				348E3543261E9554006B69B4 /* Chart.swift in Sources */,
				348E353A261E9173006B69B4 /* StockList.swift in Sources */,
				348E352A261E8F10006B69B4 /* ContentView.swift in Sources */,
				348E3528261E8F10006B69B4 /* StocksApp.swift in Sources */,
			);
			runOnlyForDeploymentPostprocessing = 0;
		};
		348E3520261E8F10006B69B4 /* Sources */ = {
			isa = PBXSourcesBuildPhase;
			buildActionMask = 2147483647;
			files = (
				348E3544261E9554006B69B4 /* Chart.swift in Sources */,
				348E353B261E9173006B69B4 /* StockList.swift in Sources */,
				348E352B261E8F10006B69B4 /* ContentView.swift in Sources */,
				348E3529261E8F10006B69B4 /* StocksApp.swift in Sources */,
			);
			runOnlyForDeploymentPostprocessing = 0;
		};
/* End PBXSourcesBuildPhase section */

/* Begin XCBuildConfiguration section */
		348E352E261E8F10006B69B4 /* Debug */ = {
			isa = XCBuildConfiguration;
			buildSettings = {
				ALWAYS_SEARCH_USER_PATHS = NO;
				CLANG_ANALYZER_NONNULL = YES;
				CLANG_ANALYZER_NUMBER_OBJECT_CONVERSION = YES_AGGRESSIVE;
				CLANG_CXX_LANGUAGE_STANDARD = "gnu++14";
				CLANG_CXX_LIBRARY = "libc++";
				CLANG_ENABLE_MODULES = YES;
				CLANG_ENABLE_OBJC_ARC = YES;
				CLANG_ENABLE_OBJC_WEAK = YES;
				CLANG_WARN_BLOCK_CAPTURE_AUTORELEASING = YES;
				CLANG_WARN_BOOL_CONVERSION = YES;
				CLANG_WARN_COMMA = YES;
				CLANG_WARN_CONSTANT_CONVERSION = YES;
				CLANG_WARN_DEPRECATED_OBJC_IMPLEMENTATIONS = YES;
				CLANG_WARN_DIRECT_OBJC_ISA_USAGE = YES_ERROR;
				CLANG_WARN_DOCUMENTATION_COMMENTS = YES;
				CLANG_WARN_EMPTY_BODY = YES;
				CLANG_WARN_ENUM_CONVERSION = YES;
				CLANG_WARN_INFINITE_RECURSION = YES;
				CLANG_WARN_INT_CONVERSION = YES;
				CLANG_WARN_NON_LITERAL_NULL_CONVERSION = YES;
				CLANG_WARN_OBJC_IMPLICIT_RETAIN_SELF = YES;
				CLANG_WARN_OBJC_LITERAL_CONVERSION = YES;
				CLANG_WARN_OBJC_ROOT_CLASS = YES_ERROR;
				CLANG_WARN_QUOTED_INCLUDE_IN_FRAMEWORK_HEADER = YES;
				CLANG_WARN_RANGE_LOOP_ANALYSIS = YES;
				CLANG_WARN_STRICT_PROTOTYPES = YES;
				CLANG_WARN_SUSPICIOUS_MOVE = YES;
				CLANG_WARN_UNGUARDED_AVAILABILITY = YES_AGGRESSIVE;
				CLANG_WARN_UNREACHABLE_CODE = YES;
				CLANG_WARN__DUPLICATE_METHOD_MATCH = YES;
				COPY_PHASE_STRIP = NO;
				DEBUG_INFORMATION_FORMAT = dwarf;
				ENABLE_STRICT_OBJC_MSGSEND = YES;
				ENABLE_TESTABILITY = YES;
				GCC_C_LANGUAGE_STANDARD = gnu11;
				GCC_DYNAMIC_NO_PIC = NO;
				GCC_NO_COMMON_BLOCKS = YES;
				GCC_OPTIMIZATION_LEVEL = 0;
				GCC_PREPROCESSOR_DEFINITIONS = (
					"DEBUG=1",
					"$(inherited)",
				);
				GCC_WARN_64_TO_32_BIT_CONVERSION = YES;
				GCC_WARN_ABOUT_RETURN_TYPE = YES_ERROR;
				GCC_WARN_UNDECLARED_SELECTOR = YES;
				GCC_WARN_UNINITIALIZED_AUTOS = YES_AGGRESSIVE;
				GCC_WARN_UNUSED_FUNCTION = YES;
				GCC_WARN_UNUSED_VARIABLE = YES;
				MTL_ENABLE_DEBUG_INFO = INCLUDE_SOURCE;
				MTL_FAST_MATH = YES;
				ONLY_ACTIVE_ARCH = YES;
				SWIFT_ACTIVE_COMPILATION_CONDITIONS = DEBUG;
				SWIFT_OPTIMIZATION_LEVEL = "-Onone";
			};
			name = Debug;
		};
		348E352F261E8F10006B69B4 /* Release */ = {
			isa = XCBuildConfiguration;
			buildSettings = {
				ALWAYS_SEARCH_USER_PATHS = NO;
				CLANG_ANALYZER_NONNULL = YES;
				CLANG_ANALYZER_NUMBER_OBJECT_CONVERSION = YES_AGGRESSIVE;
				CLANG_CXX_LANGUAGE_STANDARD = "gnu++14";
				CLANG_CXX_LIBRARY = "libc++";
				CLANG_ENABLE_MODULES = YES;
				CLANG_ENABLE_OBJC_ARC = YES;
				CLANG_ENABLE_OBJC_WEAK = YES;
				CLANG_WARN_BLOCK_CAPTURE_AUTORELEASING = YES;
				CLANG_WARN_BOOL_CONVERSION = YES;
				CLANG_WARN_COMMA = YES;
				CLANG_WARN_CONSTANT_CONVERSION = YES;
				CLANG_WARN_DEPRECATED_OBJC_IMPLEMENTATIONS = YES;
				CLANG_WARN_DIRECT_OBJC_ISA_USAGE = YES_ERROR;
				CLANG_WARN_DOCUMENTATION_COMMENTS = YES;
				CLANG_WARN_EMPTY_BODY = YES;
				CLANG_WARN_ENUM_CONVERSION = YES;
				CLANG_WARN_INFINITE_RECURSION = YES;
				CLANG_WARN_INT_CONVERSION = YES;
				CLANG_WARN_NON_LITERAL_NULL_CONVERSION = YES;
				CLANG_WARN_OBJC_IMPLICIT_RETAIN_SELF = YES;
				CLANG_WARN_OBJC_LITERAL_CONVERSION = YES;
				CLANG_WARN_OBJC_ROOT_CLASS = YES_ERROR;
				CLANG_WARN_QUOTED_INCLUDE_IN_FRAMEWORK_HEADER = YES;
				CLANG_WARN_RANGE_LOOP_ANALYSIS = YES;
				CLANG_WARN_STRICT_PROTOTYPES = YES;
				CLANG_WARN_SUSPICIOUS_MOVE = YES;
				CLANG_WARN_UNGUARDED_AVAILABILITY = YES_AGGRESSIVE;
				CLANG_WARN_UNREACHABLE_CODE = YES;
				CLANG_WARN__DUPLICATE_METHOD_MATCH = YES;
				COPY_PHASE_STRIP = NO;
				DEBUG_INFORMATION_FORMAT = "dwarf-with-dsym";
				ENABLE_NS_ASSERTIONS = NO;
				ENABLE_STRICT_OBJC_MSGSEND = YES;
				GCC_C_LANGUAGE_STANDARD = gnu11;
				GCC_NO_COMMON_BLOCKS = YES;
				GCC_WARN_64_TO_32_BIT_CONVERSION = YES;
				GCC_WARN_ABOUT_RETURN_TYPE = YES_ERROR;
				GCC_WARN_UNDECLARED_SELECTOR = YES;
				GCC_WARN_UNINITIALIZED_AUTOS = YES_AGGRESSIVE;
				GCC_WARN_UNUSED_FUNCTION = YES;
				GCC_WARN_UNUSED_VARIABLE = YES;
				MTL_ENABLE_DEBUG_INFO = NO;
				MTL_FAST_MATH = YES;
				SWIFT_COMPILATION_MODE = wholemodule;
				SWIFT_OPTIMIZATION_LEVEL = "-O";
			};
			name = Release;
		};
		348E3531261E8F10006B69B4 /* Debug */ = {
			isa = XCBuildConfiguration;
			buildSettings = {
				ASSETCATALOG_COMPILER_APPICON_NAME = AppIcon;
				ASSETCATALOG_COMPILER_GLOBAL_ACCENT_COLOR_NAME = AccentColor;
				CODE_SIGN_STYLE = Automatic;
				DEVELOPMENT_TEAM = SX2P37942F;
				ENABLE_PREVIEWS = YES;
				INFOPLIST_FILE = iOS/Info.plist;
				IPHONEOS_DEPLOYMENT_TARGET = 14.0;
				LD_RUNPATH_SEARCH_PATHS = (
					"$(inherited)",
					"@executable_path/Frameworks",
				);
				PRODUCT_BUNDLE_IDENTIFIER = com.shenxiaochun.Stocks;
				PRODUCT_NAME = Stocks;
				SDKROOT = iphoneos;
				SWIFT_VERSION = 5.0;
				TARGETED_DEVICE_FAMILY = "1,2";
			};
			name = Debug;
		};
		348E3532261E8F10006B69B4 /* Release */ = {
			isa = XCBuildConfiguration;
			buildSettings = {
				ASSETCATALOG_COMPILER_APPICON_NAME = AppIcon;
				ASSETCATALOG_COMPILER_GLOBAL_ACCENT_COLOR_NAME = AccentColor;
				CODE_SIGN_STYLE = Automatic;
				DEVELOPMENT_TEAM = SX2P37942F;
				ENABLE_PREVIEWS = YES;
				INFOPLIST_FILE = iOS/Info.plist;
				IPHONEOS_DEPLOYMENT_TARGET = 14.0;
				LD_RUNPATH_SEARCH_PATHS = (
					"$(inherited)",
					"@executable_path/Frameworks",
				);
				PRODUCT_BUNDLE_IDENTIFIER = com.shenxiaochun.Stocks;
				PRODUCT_NAME = Stocks;
				SDKROOT = iphoneos;
				SWIFT_VERSION = 5.0;
				TARGETED_DEVICE_FAMILY = "1,2";
				VALIDATE_PRODUCT = YES;
			};
			name = Release;
		};
		348E3534261E8F10006B69B4 /* Debug */ = {
			isa = XCBuildConfiguration;
			buildSettings = {
				ASSETCATALOG_COMPILER_APPICON_NAME = AppIcon;
				ASSETCATALOG_COMPILER_GLOBAL_ACCENT_COLOR_NAME = AccentColor;
				CODE_SIGN_ENTITLEMENTS = macOS/macOS.entitlements;
				CODE_SIGN_STYLE = Automatic;
				COMBINE_HIDPI_IMAGES = YES;
				DEVELOPMENT_TEAM = SX2P37942F;
				ENABLE_HARDENED_RUNTIME = YES;
				ENABLE_PREVIEWS = YES;
				INFOPLIST_FILE = macOS/Info.plist;
				LD_RUNPATH_SEARCH_PATHS = (
					"$(inherited)",
					"@executable_path/../Frameworks",
				);
				MACOSX_DEPLOYMENT_TARGET = 11.0;
				PRODUCT_BUNDLE_IDENTIFIER = com.shenxiaochun.Stocks;
				PRODUCT_NAME = Stocks;
				SDKROOT = macosx;
				SWIFT_VERSION = 5.0;
			};
			name = Debug;
		};
		348E3535261E8F10006B69B4 /* Release */ = {
			isa = XCBuildConfiguration;
			buildSettings = {
				ASSETCATALOG_COMPILER_APPICON_NAME = AppIcon;
				ASSETCATALOG_COMPILER_GLOBAL_ACCENT_COLOR_NAME = AccentColor;
				CODE_SIGN_ENTITLEMENTS = macOS/macOS.entitlements;
				CODE_SIGN_STYLE = Automatic;
				COMBINE_HIDPI_IMAGES = YES;
				DEVELOPMENT_TEAM = SX2P37942F;
				ENABLE_HARDENED_RUNTIME = YES;
				ENABLE_PREVIEWS = YES;
				INFOPLIST_FILE = macOS/Info.plist;
				LD_RUNPATH_SEARCH_PATHS = (
					"$(inherited)",
					"@executable_path/../Frameworks",
				);
				MACOSX_DEPLOYMENT_TARGET = 11.0;
				PRODUCT_BUNDLE_IDENTIFIER = com.shenxiaochun.Stocks;
				PRODUCT_NAME = Stocks;
				SDKROOT = macosx;
				SWIFT_VERSION = 5.0;
			};
			name = Release;
		};
/* End XCBuildConfiguration section */

/* Begin XCConfigurationList section */
		348E3513261E8F0D006B69B4 /* Build configuration list for PBXProject "Stocks" */ = {
			isa = XCConfigurationList;
			buildConfigurations = (
				348E352E261E8F10006B69B4 /* Debug */,
				348E352F261E8F10006B69B4 /* Release */,
			);
			defaultConfigurationIsVisible = 0;
			defaultConfigurationName = Release;
		};
		348E3530261E8F10006B69B4 /* Build configuration list for PBXNativeTarget "Stocks (iOS)" */ = {
			isa = XCConfigurationList;
			buildConfigurations = (
				348E3531261E8F10006B69B4 /* Debug */,
				348E3532261E8F10006B69B4 /* Release */,
			);
			defaultConfigurationIsVisible = 0;
			defaultConfigurationName = Release;
		};
		348E3533261E8F10006B69B4 /* Build configuration list for PBXNativeTarget "Stocks (macOS)" */ = {
			isa = XCConfigurationList;
			buildConfigurations = (
				348E3534261E8F10006B69B4 /* Debug */,
				348E3535261E8F10006B69B4 /* Release */,
			);
			defaultConfigurationIsVisible = 0;
			defaultConfigurationName = Release;
		};
/* End XCConfigurationList section */
	};
	rootObject = 348E3510261E8F0D006B69B4 /* Project object */;
}
